github.com/CaliDog/certstream-go v0.0.0-20200713031452-eca7997412f1 h1:P2kAob5k67YLNGJg0C6Wg0nTLrUpIxYvpPFVrk1y1PQ=
github.com/CaliDog/certstream-go v0.0.0-20200713031452-eca7997412f1/go.mod h1:JBo69gi8JyPpZoLZgmZeXiq4o7Ib2qf2RiIxiWC0oYQ=
github.com/gorilla/websocket v1.4.2 h1:+/TMaTYc4QFitKJxsQ7Yye35DkWvkdLcvGKqM+x0Ufc=
github.com/gorilla/websocket v1.4.2/go.mod h1:YR8l580nyteQvAITg2hZ9XVh4b55+EU/adAjf1fMHhE=
github.com/jmoiron/jsonq v0.0.0-20150511023944-e874b168d07e h1:ZZCvgaRDZg1gC9/1xrsgaJzQUCQgniKtw0xjWywWAOE=
github.com/jmoiron/jsonq v0.0.0-20150511023944-e874b168d07e/go.mod h1:+rHyWac2R9oAZwFe1wGY2HBzFJJy++RHBg1cU23NkD8=
github.com/pkg/errors v0.9.1 h1:FEBLx1zS214owpjy7qsBeixbURkuhQAwrK5UwLGTwt4=
github.com/pkg/errors v0.9.1/go.mod h1:bwawxfHBFNV+L2hUp1rHADufV3IMtnDRdf1r5NINEl0=
